<Solution>
  <Configurations>
    <Platform Name="Any CPU" />
    <Platform Name="x64" />
    <Platform Name="x86" />
  </Configurations>
  <Project Path="Dataverse.Extensions.DependencyInjection/Dataverse.Extensions.DependencyInjection.csproj" />
  <Project Path="Dataverse.Extensions.DependencyInjection.Tests/Dataverse.Extensions.DependencyInjection.Tests.csproj" />
  <Project Path="Dataverse.Extensions.HealthChecks/Dataverse.Extensions.HealthChecks.csproj" />
  <Project Path="Dataverse.Extensions.HealthChecks.Tests/Dataverse.Extensions.HealthChecks.Tests.csproj" />
</Solution>
